
Microsoft Visual Studio Solution File, Format Version 12.00
Project("{FAE04EC0-301F-11D3-BF4B-00C04F79EFBC}") = "fakebookGateway", "fakebookGateway\fakebookGateway.csproj", "{75A27CB1-DC7A-4C5B-AEF1-52D2B617C5F1}"
EndProject
Global
	GlobalSection(SolutionConfigurationPlatforms) = preSolution
		Debug|Any CPU = Debug|Any CPU
		Release|Any CPU = Release|Any CPU
	EndGlobalSection
	GlobalSection(ProjectConfigurationPlatforms) = postSolution
		{75A27CB1-DC7A-4C5B-AEF1-52D2B617C5F1}.Debug|Any CPU.ActiveCfg = Debug|Any CPU
		{75A27CB1-DC7A-4C5B-AEF1-52D2B617C5F1}.Debug|Any CPU.Build.0 = Debug|Any CPU
		{75A27CB1-DC7A-4C5B-AEF1-52D2B617C5F1}.Release|Any CPU.ActiveCfg = Release|Any CPU
		{75A27CB1-DC7A-4C5B-AEF1-52D2B617C5F1}.Release|Any CPU.Build.0 = Release|Any CPU
	EndGlobalSection
EndGlobal
